
Microsoft Visual Studio Solution File, Format Version 12.00
# Visual Studio Version 17
VisualStudioVersion = 17.8.34511.84
MinimumVisualStudioVersion = 10.0.40219.1
Project("{FAE04EC0-301F-11D3-BF4B-00C04F79EFBC}") = "WeatherAPI", "WeatherAPI\WeatherAPI.csproj", "{A98113AD-0C6D-4B30-8DB2-D95D101B1364}"
EndProject
Global
	GlobalSection(SolutionConfigurationPlatforms) = preSolution
		Debug|Any CPU = Debug|Any CPU
		Release|Any CPU = Release|Any CPU
	EndGlobalSection
	GlobalSection(ProjectConfigurationPlatforms) = postSolution
		{A98113AD-0C6D-4B30-8DB2-D95D101B1364}.Debug|Any CPU.ActiveCfg = Debug|Any CPU
		{A98113AD-0C6D-4B30-8DB2-D95D101B1364}.Debug|Any CPU.Build.0 = Debug|Any CPU
		{A98113AD-0C6D-4B30-8DB2-D95D101B1364}.Release|Any CPU.ActiveCfg = Release|Any CPU
		{A98113AD-0C6D-4B30-8DB2-D95D101B1364}.Release|Any CPU.Build.0 = Release|Any CPU
	EndGlobalSection
	GlobalSection(SolutionProperties) = preSolution
		HideSolutionNode = FALSE
	EndGlobalSection
	GlobalSection(ExtensibilityGlobals) = postSolution
		SolutionGuid = {5079DFB5-9D1A-4905-9982-1D6F3976EC9F}
	EndGlobalSection
EndGlobal
